
Microsoft Visual Studio Solution File, Format Version 12.00
# Visual Studio 2012
VisualStudioVersion = 12.0.31101.0
MinimumVisualStudioVersion = 10.0.40219.1
Project("{FAE04EC0-301F-11D3-BF4B-00C04F79EFBC}") = "ZKK_App.WinPhone", "ZKK App\ZKK_App.WinPhone\ZKK_App.WinPhone.csproj", "{75A288D8-BF3F-44B5-8776-413BB3A00B0A}"
EndProject
Project("{FAE04EC0-301F-11D3-BF4B-00C04F79EFBC}") = "ZKK_App.iOS", "ZKK App\ZKK_App.iOS\ZKK_App.iOS.csproj", "{0E0F0703-789E-490E-B866-CBE4E5B1BA11}"
EndProject
Project("{FAE04EC0-301F-11D3-BF4B-00C04F79EFBC}") = "ZKK_App.Droid", "ZKK App\ZKK_App.Droid\ZKK_App.Droid.csproj", "{75C9BA71-9BAF-4262-8944-0897D02DEBB7}"
EndProject
Project("{D954291E-2A0B-460D-934E-DC6B0785DB48}") = "ZKK_App", "ZKK App\ZKK_App\ZKK_App.shproj", "{7B534CE3-C0E2-450C-8A78-CF88898016BC}"
EndProject
Global
	GlobalSection(SolutionConfigurationPlatforms) = preSolution
		Ad-Hoc|Any CPU = Ad-Hoc|Any CPU
		Ad-Hoc|ARM = Ad-Hoc|ARM
		Ad-Hoc|iPhone = Ad-Hoc|iPhone
		Ad-Hoc|iPhoneSimulator = Ad-Hoc|iPhoneSimulator
		Ad-Hoc|Mixed Platforms = Ad-Hoc|Mixed Platforms
		Ad-Hoc|x86 = Ad-Hoc|x86
		AppStore|Any CPU = AppStore|Any CPU
		AppStore|ARM = AppStore|ARM
		AppStore|iPhone = AppStore|iPhone
		AppStore|iPhoneSimulator = AppStore|iPhoneSimulator
		AppStore|Mixed Platforms = AppStore|Mixed Platforms
		AppStore|x86 = AppStore|x86
		Debug|Any CPU = Debug|Any CPU
		Debug|ARM = Debug|ARM
		Debug|iPhone = Debug|iPhone
		Debug|iPhoneSimulator = Debug|iPhoneSimulator
		Debug|Mixed Platforms = Debug|Mixed Platforms
		Debug|x86 = Debug|x86
		Release|Any CPU = Release|Any CPU
		Release|ARM = Release|ARM
		Release|iPhone = Release|iPhone
		Release|iPhoneSimulator = Release|iPhoneSimulator
		Release|Mixed Platforms = Release|Mixed Platforms
		Release|x86 = Release|x86
	EndGlobalSection
	GlobalSection(ProjectConfigurationPlatforms) = postSolution
		{0E0F0703-789E-490E-B866-CBE4E5B1BA11}.Ad-Hoc|Any CPU.ActiveCfg = Ad-Hoc|iPhone
		{0E0F0703-789E-490E-B866-CBE4E5B1BA11}.Ad-Hoc|ARM.ActiveCfg = Ad-Hoc|iPhone
		{0E0F0703-789E-490E-B866-CBE4E5B1BA11}.Ad-Hoc|iPhone.ActiveCfg = Ad-Hoc|iPhone
		{0E0F0703-789E-490E-B866-CBE4E5B1BA11}.Ad-Hoc|iPhone.Build.0 = Ad-Hoc|iPhone
		{0E0F0703-789E-490E-B866-CBE4E5B1BA11}.Ad-Hoc|iPhoneSimulator.ActiveCfg = Ad-Hoc|iPhoneSimulator
		{0E0F0703-789E-490E-B866-CBE4E5B1BA11}.Ad-Hoc|iPhoneSimulator.Build.0 = Ad-Hoc|iPhoneSimulator
		{0E0F0703-789E-490E-B866-CBE4E5B1BA11}.Ad-Hoc|Mixed Platforms.ActiveCfg = Ad-Hoc|iPhone
		{0E0F0703-789E-490E-B866-CBE4E5B1BA11}.Ad-Hoc|Mixed Platforms.Build.0 = Ad-Hoc|iPhone
		{0E0F0703-789E-490E-B866-CBE4E5B1BA11}.Ad-Hoc|x86.ActiveCfg = Ad-Hoc|iPhone
		{0E0F0703-789E-490E-B866-CBE4E5B1BA11}.AppStore|Any CPU.ActiveCfg = AppStore|iPhone
		{0E0F0703-789E-490E-B866-CBE4E5B1BA11}.AppStore|ARM.ActiveCfg = AppStore|iPhone
		{0E0F0703-789E-490E-B866-CBE4E5B1BA11}.AppStore|iPhone.ActiveCfg = AppStore|iPhone
		{0E0F0703-789E-490E-B866-CBE4E5B1BA11}.AppStore|iPhone.Build.0 = AppStore|iPhone
		{0E0F0703-789E-490E-B866-CBE4E5B1BA11}.AppStore|iPhoneSimulator.ActiveCfg = AppStore|iPhoneSimulator
		{0E0F0703-789E-490E-B866-CBE4E5B1BA11}.AppStore|iPhoneSimulator.Build.0 = AppStore|iPhoneSimulator
		{0E0F0703-789E-490E-B866-CBE4E5B1BA11}.AppStore|Mixed Platforms.ActiveCfg = AppStore|iPhone
		{0E0F0703-789E-490E-B866-CBE4E5B1BA11}.AppStore|Mixed Platforms.Build.0 = AppStore|iPhone
		{0E0F0703-789E-490E-B866-CBE4E5B1BA11}.AppStore|x86.ActiveCfg = AppStore|iPhone
		{0E0F0703-789E-490E-B866-CBE4E5B1BA11}.Debug|Any CPU.ActiveCfg = Debug|iPhone
		{0E0F0703-789E-490E-B866-CBE4E5B1BA11}.Debug|ARM.ActiveCfg = Debug|iPhone
		{0E0F0703-789E-490E-B866-CBE4E5B1BA11}.Debug|iPhone.ActiveCfg = Debug|iPhone
		{0E0F0703-789E-490E-B866-CBE4E5B1BA11}.Debug|iPhone.Build.0 = Debug|iPhone
		{0E0F0703-789E-490E-B866-CBE4E5B1BA11}.Debug|iPhoneSimulator.ActiveCfg = Debug|iPhoneSimulator
		{0E0F0703-789E-490E-B866-CBE4E5B1BA11}.Debug|iPhoneSimulator.Build.0 = Debug|iPhoneSimulator
		{0E0F0703-789E-490E-B866-CBE4E5B1BA11}.Debug|Mixed Platforms.ActiveCfg = Debug|iPhone
		{0E0F0703-789E-490E-B866-CBE4E5B1BA11}.Debug|Mixed Platforms.Build.0 = Debug|iPhone
		{0E0F0703-789E-490E-B866-CBE4E5B1BA11}.Debug|x86.ActiveCfg = Debug|iPhone
		{0E0F0703-789E-490E-B866-CBE4E5B1BA11}.Release|Any CPU.ActiveCfg = Release|iPhone
		{0E0F0703-789E-490E-B866-CBE4E5B1BA11}.Release|ARM.ActiveCfg = Release|iPhone
		{0E0F0703-789E-490E-B866-CBE4E5B1BA11}.Release|iPhone.ActiveCfg = Release|iPhone
		{0E0F0703-789E-490E-B866-CBE4E5B1BA11}.Release|iPhone.Build.0 = Release|iPhone
		{0E0F0703-789E-490E-B866-CBE4E5B1BA11}.Release|iPhoneSimulator.ActiveCfg = Release|iPhoneSimulator
		{0E0F0703-789E-490E-B866-CBE4E5B1BA11}.Release|iPhoneSimulator.Build.0 = Release|iPhoneSimulator
		{0E0F0703-789E-490E-B866-CBE4E5B1BA11}.Release|Mixed Platforms.ActiveCfg = Release|iPhone
		{0E0F0703-789E-490E-B866-CBE4E5B1BA11}.Release|Mixed Platforms.Build.0 = Release|iPhone
		{0E0F0703-789E-490E-B866-CBE4E5B1BA11}.Release|x86.ActiveCfg = Release|iPhone
		{75A288D8-BF3F-44B5-8776-413BB3A00B0A}.Ad-Hoc|Any CPU.ActiveCfg = Release|Any CPU
		{75A288D8-BF3F-44B5-8776-413BB3A00B0A}.Ad-Hoc|Any CPU.Build.0 = Release|Any CPU
		{75A288D8-BF3F-44B5-8776-413BB3A00B0A}.Ad-Hoc|Any CPU.Deploy.0 = Release|Any CPU
		{75A288D8-BF3F-44B5-8776-413BB3A00B0A}.Ad-Hoc|ARM.ActiveCfg = Release|ARM
		{75A288D8-BF3F-44B5-8776-413BB3A00B0A}.Ad-Hoc|ARM.Build.0 = Release|ARM
		{75A288D8-BF3F-44B5-8776-413BB3A00B0A}.Ad-Hoc|ARM.Deploy.0 = Release|ARM
		{75A288D8-BF3F-44B5-8776-413BB3A00B0A}.Ad-Hoc|iPhone.ActiveCfg = Release|Any CPU
		{75A288D8-BF3F-44B5-8776-413BB3A00B0A}.Ad-Hoc|iPhoneSimulator.ActiveCfg = Release|Any CPU
		{75A288D8-BF3F-44B5-8776-413BB3A00B0A}.Ad-Hoc|Mixed Platforms.ActiveCfg = Release|x86
		{75A288D8-BF3F-44B5-8776-413BB3A00B0A}.Ad-Hoc|Mixed Platforms.Build.0 = Release|x86
		{75A288D8-BF3F-44B5-8776-413BB3A00B0A}.Ad-Hoc|Mixed Platforms.Deploy.0 = Release|x86
		{75A288D8-BF3F-44B5-8776-413BB3A00B0A}.Ad-Hoc|x86.ActiveCfg = Release|x86
		{75A288D8-BF3F-44B5-8776-413BB3A00B0A}.Ad-Hoc|x86.Build.0 = Release|x86
		{75A288D8-BF3F-44B5-8776-413BB3A00B0A}.Ad-Hoc|x86.Deploy.0 = Release|x86
		{75A288D8-BF3F-44B5-8776-413BB3A00B0A}.AppStore|Any CPU.ActiveCfg = Release|Any CPU
		{75A288D8-BF3F-44B5-8776-413BB3A00B0A}.AppStore|Any CPU.Build.0 = Release|Any CPU
		{75A288D8-BF3F-44B5-8776-413BB3A00B0A}.AppStore|Any CPU.Deploy.0 = Release|Any CPU
		{75A288D8-BF3F-44B5-8776-413BB3A00B0A}.AppStore|ARM.ActiveCfg = Release|ARM
		{75A288D8-BF3F-44B5-8776-413BB3A00B0A}.AppStore|ARM.Build.0 = Release|ARM
		{75A288D8-BF3F-44B5-8776-413BB3A00B0A}.AppStore|ARM.Deploy.0 = Release|ARM
		{75A288D8-BF3F-44B5-8776-413BB3A00B0A}.AppStore|iPhone.ActiveCfg = Release|Any CPU
		{75A288D8-BF3F-44B5-8776-413BB3A00B0A}.AppStore|iPhoneSimulator.ActiveCfg = Release|Any CPU
		{75A288D8-BF3F-44B5-8776-413BB3A00B0A}.AppStore|Mixed Platforms.ActiveCfg = Release|x86
		{75A288D8-BF3F-44B5-8776-413BB3A00B0A}.AppStore|Mixed Platforms.Build.0 = Release|x86
		{75A288D8-BF3F-44B5-8776-413BB3A00B0A}.AppStore|Mixed Platforms.Deploy.0 = Release|x86
		{75A288D8-BF3F-44B5-8776-413BB3A00B0A}.AppStore|x86.ActiveCfg = Release|x86
		{75A288D8-BF3F-44B5-8776-413BB3A00B0A}.AppStore|x86.Build.0 = Release|x86
		{75A288D8-BF3F-44B5-8776-413BB3A00B0A}.AppStore|x86.Deploy.0 = Release|x86
		{75A288D8-BF3F-44B5-8776-413BB3A00B0A}.Debug|Any CPU.ActiveCfg = Debug|Any CPU
		{75A288D8-BF3F-44B5-8776-413BB3A00B0A}.Debug|Any CPU.Build.0 = Debug|Any CPU
		{75A288D8-BF3F-44B5-8776-413BB3A00B0A}.Debug|Any CPU.Deploy.0 = Debug|Any CPU
		{75A288D8-BF3F-44B5-8776-413BB3A00B0A}.Debug|ARM.ActiveCfg = Debug|ARM
		{75A288D8-BF3F-44B5-8776-413BB3A00B0A}.Debug|ARM.Build.0 = Debug|ARM
		{75A288D8-BF3F-44B5-8776-413BB3A00B0A}.Debug|ARM.Deploy.0 = Debug|ARM
		{75A288D8-BF3F-44B5-8776-413BB3A00B0A}.Debug|iPhone.ActiveCfg = Debug|Any CPU
		{75A288D8-BF3F-44B5-8776-413BB3A00B0A}.Debug|iPhoneSimulator.ActiveCfg = Debug|Any CPU
		{75A288D8-BF3F-44B5-8776-413BB3A00B0A}.Debug|Mixed Platforms.ActiveCfg = Debug|x86
		{75A288D8-BF3F-44B5-8776-413BB3A00B0A}.Debug|Mixed Platforms.Build.0 = Debug|x86
		{75A288D8-BF3F-44B5-8776-413BB3A00B0A}.Debug|Mixed Platforms.Deploy.0 = Debug|x86
		{75A288D8-BF3F-44B5-8776-413BB3A00B0A}.Debug|x86.ActiveCfg = Debug|x86
		{75A288D8-BF3F-44B5-8776-413BB3A00B0A}.Debug|x86.Build.0 = Debug|x86
		{75A288D8-BF3F-44B5-8776-413BB3A00B0A}.Debug|x86.Deploy.0 = Debug|x86
		{75A288D8-BF3F-44B5-8776-413BB3A00B0A}.Release|Any CPU.ActiveCfg = Release|Any CPU
		{75A288D8-BF3F-44B5-8776-413BB3A00B0A}.Release|Any CPU.Build.0 = Release|Any CPU
		{75A288D8-BF3F-44B5-8776-413BB3A00B0A}.Release|Any CPU.Deploy.0 = Release|Any CPU
		{75A288D8-BF3F-44B5-8776-413BB3A00B0A}.Release|ARM.ActiveCfg = Release|ARM
		{75A288D8-BF3F-44B5-8776-413BB3A00B0A}.Release|ARM.Build.0 = Release|ARM
		{75A288D8-BF3F-44B5-8776-413BB3A00B0A}.Release|ARM.Deploy.0 = Release|ARM
		{75A288D8-BF3F-44B5-8776-413BB3A00B0A}.Release|iPhone.ActiveCfg = Release|Any CPU
		{75A288D8-BF3F-44B5-8776-413BB3A00B0A}.Release|iPhoneSimulator.ActiveCfg = Release|Any CPU
		{75A288D8-BF3F-44B5-8776-413BB3A00B0A}.Release|Mixed Platforms.ActiveCfg = Release|x86
		{75A288D8-BF3F-44B5-8776-413BB3A00B0A}.Release|Mixed Platforms.Build.0 = Release|x86
		{75A288D8-BF3F-44B5-8776-413BB3A00B0A}.Release|Mixed Platforms.Deploy.0 = Release|x86
		{75A288D8-BF3F-44B5-8776-413BB3A00B0A}.Release|x86.ActiveCfg = Release|x86
		{75A288D8-BF3F-44B5-8776-413BB3A00B0A}.Release|x86.Build.0 = Release|x86
		{75A288D8-BF3F-44B5-8776-413BB3A00B0A}.Release|x86.Deploy.0 = Release|x86
		{75C9BA71-9BAF-4262-8944-0897D02DEBB7}.Ad-Hoc|Any CPU.ActiveCfg = Release|Any CPU
		{75C9BA71-9BAF-4262-8944-0897D02DEBB7}.Ad-Hoc|Any CPU.Build.0 = Release|Any CPU
		{75C9BA71-9BAF-4262-8944-0897D02DEBB7}.Ad-Hoc|Any CPU.Deploy.0 = Release|Any CPU
		{75C9BA71-9BAF-4262-8944-0897D02DEBB7}.Ad-Hoc|ARM.ActiveCfg = Release|Any CPU
		{75C9BA71-9BAF-4262-8944-0897D02DEBB7}.Ad-Hoc|iPhone.ActiveCfg = Release|Any CPU
		{75C9BA71-9BAF-4262-8944-0897D02DEBB7}.Ad-Hoc|iPhoneSimulator.ActiveCfg = Release|Any CPU
		{75C9BA71-9BAF-4262-8944-0897D02DEBB7}.Ad-Hoc|Mixed Platforms.ActiveCfg = Release|Any CPU
		{75C9BA71-9BAF-4262-8944-0897D02DEBB7}.Ad-Hoc|Mixed Platforms.Build.0 = Release|Any CPU
		{75C9BA71-9BAF-4262-8944-0897D02DEBB7}.Ad-Hoc|Mixed Platforms.Deploy.0 = Release|Any CPU
		{75C9BA71-9BAF-4262-8944-0897D02DEBB7}.Ad-Hoc|x86.ActiveCfg = Release|Any CPU
		{75C9BA71-9BAF-4262-8944-0897D02DEBB7}.AppStore|Any CPU.ActiveCfg = Release|Any CPU
		{75C9BA71-9BAF-4262-8944-0897D02DEBB7}.AppStore|Any CPU.Build.0 = Release|Any CPU
		{75C9BA71-9BAF-4262-8944-0897D02DEBB7}.AppStore|Any CPU.Deploy.0 = Release|Any CPU
		{75C9BA71-9BAF-4262-8944-0897D02DEBB7}.AppStore|ARM.ActiveCfg = Release|Any CPU
		{75C9BA71-9BAF-4262-8944-0897D02DEBB7}.AppStore|iPhone.ActiveCfg = Release|Any CPU
		{75C9BA71-9BAF-4262-8944-0897D02DEBB7}.AppStore|iPhoneSimulator.ActiveCfg = Release|Any CPU
		{75C9BA71-9BAF-4262-8944-0897D02DEBB7}.AppStore|Mixed Platforms.ActiveCfg = Release|Any CPU
		{75C9BA71-9BAF-4262-8944-0897D02DEBB7}.AppStore|Mixed Platforms.Build.0 = Release|Any CPU
		{75C9BA71-9BAF-4262-8944-0897D02DEBB7}.AppStore|Mixed Platforms.Deploy.0 = Release|Any CPU
		{75C9BA71-9BAF-4262-8944-0897D02DEBB7}.AppStore|x86.ActiveCfg = Release|Any CPU
		{75C9BA71-9BAF-4262-8944-0897D02DEBB7}.Debug|Any CPU.ActiveCfg = Debug|Any CPU
		{75C9BA71-9BAF-4262-8944-0897D02DEBB7}.Debug|Any CPU.Build.0 = Debug|Any CPU
		{75C9BA71-9BAF-4262-8944-0897D02DEBB7}.Debug|Any CPU.Deploy.0 = Debug|Any CPU
		{75C9BA71-9BAF-4262-8944-0897D02DEBB7}.Debug|ARM.ActiveCfg = Debug|Any CPU
		{75C9BA71-9BAF-4262-8944-0897D02DEBB7}.Debug|iPhone.ActiveCfg = Debug|Any CPU
		{75C9BA71-9BAF-4262-8944-0897D02DEBB7}.Debug|iPhoneSimulator.ActiveCfg = Debug|Any CPU
		{75C9BA71-9BAF-4262-8944-0897D02DEBB7}.Debug|Mixed Platforms.ActiveCfg = Debug|Any CPU
		{75C9BA71-9BAF-4262-8944-0897D02DEBB7}.Debug|Mixed Platforms.Build.0 = Debug|Any CPU
		{75C9BA71-9BAF-4262-8944-0897D02DEBB7}.Debug|Mixed Platforms.Deploy.0 = Debug|Any CPU
		{75C9BA71-9BAF-4262-8944-0897D02DEBB7}.Debug|x86.ActiveCfg = Debug|Any CPU
		{75C9BA71-9BAF-4262-8944-0897D02DEBB7}.Release|Any CPU.ActiveCfg = Release|Any CPU
		{75C9BA71-9BAF-4262-8944-0897D02DEBB7}.Release|Any CPU.Build.0 = Release|Any CPU
		{75C9BA71-9BAF-4262-8944-0897D02DEBB7}.Release|Any CPU.Deploy.0 = Release|Any CPU
		{75C9BA71-9BAF-4262-8944-0897D02DEBB7}.Release|ARM.ActiveCfg = Release|Any CPU
		{75C9BA71-9BAF-4262-8944-0897D02DEBB7}.Release|iPhone.ActiveCfg = Release|Any CPU
		{75C9BA71-9BAF-4262-8944-0897D02DEBB7}.Release|iPhoneSimulator.ActiveCfg = Release|Any CPU
		{75C9BA71-9BAF-4262-8944-0897D02DEBB7}.Release|Mixed Platforms.ActiveCfg = Release|Any CPU
		{75C9BA71-9BAF-4262-8944-0897D02DEBB7}.Release|Mixed Platforms.Build.0 = Release|Any CPU
		{75C9BA71-9BAF-4262-8944-0897D02DEBB7}.Release|Mixed Platforms.Deploy.0 = Release|Any CPU
		{75C9BA71-9BAF-4262-8944-0897D02DEBB7}.Release|x86.ActiveCfg = Release|Any CPU
	EndGlobalSection
	GlobalSection(SharedMSBuildProjectFiles) = preSolution
		ZKK App\ZKK_App\ZKK_App.projitems*{75a288d8-bf3f-44b5-8776-413bb3a00b0a}*SharedItemsImports = 4
		ZKK App\ZKK_App\ZKK_App.projitems*{0e0f0703-789e-490e-b866-cbe4e5b1ba11}*SharedItemsImports = 4
		ZKK App\ZKK_App\ZKK_App.projitems*{75c9ba71-9baf-4262-8944-0897d02debb7}*SharedItemsImports = 4
		ZKK App\ZKK_App\ZKK_App.projitems*{7b534ce3-c0e2-450c-8a78-cf88898016bc}*SharedItemsImports = 13
	EndGlobalSection
	GlobalSection(SolutionProperties) = preSolution
		HideSolutionNode = FALSE
	EndGlobalSection
EndGlobal
